
Microsoft Visual Studio Solution File, Format Version 12.00
# Visual Studio 15
VisualStudioVersion = 15.0.27428.2037
MinimumVisualStudioVersion = 10.0.40219.1
Project("{FAE04EC0-301F-11D3-BF4B-00C04F79EFBC}") = "Array_ForLoop", "Array_ForLoop\Array_ForLoop.csproj", "{D1E4531C-1A31-474D-8A24-EE8B708AEA5F}"
EndProject
Global
	GlobalSection(SolutionConfigurationPlatforms) = preSolution
		Debug|Any CPU = Debug|Any CPU
		Release|Any CPU = Release|Any CPU
	EndGlobalSection
	GlobalSection(ProjectConfigurationPlatforms) = postSolution
		{D1E4531C-1A31-474D-8A24-EE8B708AEA5F}.Debug|Any CPU.ActiveCfg = Debug|Any CPU
		{D1E4531C-1A31-474D-8A24-EE8B708AEA5F}.Debug|Any CPU.Build.0 = Debug|Any CPU
		{D1E4531C-1A31-474D-8A24-EE8B708AEA5F}.Release|Any CPU.ActiveCfg = Release|Any CPU
		{D1E4531C-1A31-474D-8A24-EE8B708AEA5F}.Release|Any CPU.Build.0 = Release|Any CPU
	EndGlobalSection
	GlobalSection(SolutionProperties) = preSolution
		HideSolutionNode = FALSE
	EndGlobalSection
	GlobalSection(ExtensibilityGlobals) = postSolution
		SolutionGuid = {1C7090DA-CADD-4584-A802-9F4A025DD7FF}
	EndGlobalSection
EndGlobal
